
Microsoft Visual Studio Solution File, Format Version 12.00
# Visual Studio Version 16
VisualStudioVersion = 16.0.29324.140
MinimumVisualStudioVersion = 10.0.40219.1
Project("{FAE04EC0-301F-11D3-BF4B-00C04F79EFBC}") = "SpFishUtil", "SpFishUtil\SpFishUtil.csproj", "{841E7791-6C53-4B59-9C7A-CA2D67297455}"
EndProject
Project("{FAE04EC0-301F-11D3-BF4B-00C04F79EFBC}") = "ListifyAPI", "ListifyAPI\ListifyAPI.csproj", "{3DB22EDD-1C26-48FB-AA04-0EA8079289A5}"
EndProject
Project("{FAE04EC0-301F-11D3-BF4B-00C04F79EFBC}") = "SpFishTest", "SpFishTest\SpFishTest.csproj", "{0818BAF6-62AE-499E-A859-87B3CB4C96C4}"
EndProject
Global
	GlobalSection(SolutionConfigurationPlatforms) = preSolution
		Debug|Any CPU = Debug|Any CPU
		Release|Any CPU = Release|Any CPU
	EndGlobalSection
	GlobalSection(ProjectConfigurationPlatforms) = postSolution
		{841E7791-6C53-4B59-9C7A-CA2D67297455}.Debug|Any CPU.ActiveCfg = Debug|Any CPU
		{841E7791-6C53-4B59-9C7A-CA2D67297455}.Debug|Any CPU.Build.0 = Debug|Any CPU
		{841E7791-6C53-4B59-9C7A-CA2D67297455}.Release|Any CPU.ActiveCfg = Release|Any CPU
		{841E7791-6C53-4B59-9C7A-CA2D67297455}.Release|Any CPU.Build.0 = Release|Any CPU
		{3DB22EDD-1C26-48FB-AA04-0EA8079289A5}.Debug|Any CPU.ActiveCfg = Debug|Any CPU
		{3DB22EDD-1C26-48FB-AA04-0EA8079289A5}.Debug|Any CPU.Build.0 = Debug|Any CPU
		{3DB22EDD-1C26-48FB-AA04-0EA8079289A5}.Release|Any CPU.ActiveCfg = Release|Any CPU
		{3DB22EDD-1C26-48FB-AA04-0EA8079289A5}.Release|Any CPU.Build.0 = Release|Any CPU
		{0818BAF6-62AE-499E-A859-87B3CB4C96C4}.Debug|Any CPU.ActiveCfg = Debug|Any CPU
		{0818BAF6-62AE-499E-A859-87B3CB4C96C4}.Debug|Any CPU.Build.0 = Debug|Any CPU
		{0818BAF6-62AE-499E-A859-87B3CB4C96C4}.Release|Any CPU.ActiveCfg = Release|Any CPU
		{0818BAF6-62AE-499E-A859-87B3CB4C96C4}.Release|Any CPU.Build.0 = Release|Any CPU
	EndGlobalSection
	GlobalSection(SolutionProperties) = preSolution
		HideSolutionNode = FALSE
	EndGlobalSection
	GlobalSection(ExtensibilityGlobals) = postSolution
		SolutionGuid = {09A6C77F-E50F-4B00-9012-B697B4837E8B}
	EndGlobalSection
EndGlobal
